{
  "name": "tiktok-downloader",
  "version": "1.0.0",
  "lockfileVersion": 3,
  "requires": true,
  "packages": {
    "": {
      "name": "tiktok-downloader",
      "version": "1.0.0",
      "license": "ISC",
      "dependencies": {
        "ansi-escapes": "^4.3.2",
        "ansi-regex": "^5.0.1",
        "ansi-styles": "^3.2.1",
        "base64-js": "^1.5.1",
        "bl": "^4.1.0",
        "boolbase": "^1.0.0",
        "buffer": "^5.7.1",
        "chalk": "^2.4.2",
        "chardet": "^0.7.0",
        "cheerio-select": "^1.6.0",
        "cli-cursor": "^3.1.0",
        "cli-spinners": "^2.6.1",
        "cli-width": "^3.0.0",
        "clone": "^1.0.4",
        "color-convert": "^1.9.3",
        "color-name": "^1.1.3",
        "css-select": "^4.3.0",
        "css-what": "^6.1.0",
        "defaults": "^1.0.3",
        "dom-serializer": "^1.4.1",
        "domelementtype": "^2.3.0",
        "domhandler": "^4.3.1",
        "domutils": "^2.8.0",
        "emoji-regex": "^8.0.0",
        "entities": "^2.2.0",
        "escape-string-regexp": "^1.0.5",
        "external-editor": "^3.1.0",
        "figures": "^3.2.0",
        "has-flag": "^3.0.0",
        "htmlparser2": "^6.1.0",
        "iconv-lite": "^0.4.24",
        "ieee754": "^1.2.1",
        "inherits": "^2.0.4",
        "inquirer": "^8.2.4",
        "is-fullwidth-code-point": "^3.0.0",
        "is-interactive": "^1.0.0",
        "is-unicode-supported": "^0.1.0",
        "lodash": "^4.17.21",
        "log-symbols": "^4.1.0",
        "mimic-fn": "^2.1.0",
        "mute-stream": "^0.0.8",
        "node-fetch": "^2.6.7",
        "nth-check": "^2.0.1",
        "onetime": "^5.1.2",
        "ora": "^5.4.1",
        "os-tmpdir": "^1.0.2",
        "parse5": "^6.0.1",
        "parse5-htmlparser2-tree-adapter": "^6.0.1",
        "puppeteer": "^13.7.0",
        "readable-stream": "^3.6.0",
        "readline": "^1.3.0",
        "restore-cursor": "^3.1.0",
        "run-async": "^2.4.1",
        "rxjs": "^7.5.5",
        "safe-buffer": "^5.2.1",
        "safer-buffer": "^2.1.2",
        "signal-exit": "^3.0.7",
        "string_decoder": "^1.3.0",
        "string-width": "^4.2.3",
        "strip-ansi": "^6.0.1",
        "supports-color": "^5.5.0",
        "through": "^2.3.8",
        "tmp": "^0.0.33",
        "tr46": "^0.0.3",
        "tslib": "^2.4.0",
        "type-fest": "^0.21.3",
        "util-deprecate": "^1.0.2",
        "wcwidth": "^1.0.1",
        "webidl-conversions": "^3.0.1",
        "whatwg-url": "^5.0.0",
        "wrap-ansi": "^7.0.0"
      },
      "devDependencies": {
        "weallcontribute": "^1.0.9"
      }
    },
    "node_modules/@types/node": {
      "version": "17.0.31",
      "license": "MIT",
      "optional": true
    },
    "node_modules/@types/yauzl": {
      "version": "2.10.0",
      "license": "MIT",
      "optional": true,
      "dependencies": {
        "@types/node": "*"
      }
    },
    "node_modules/agent-base": {
      "version": "6.0.2",
      "license": "MIT",
      "dependencies": {
        "debug": "4"
      },
      "engines": {
        "node": ">= 6.0.0"
      }
    },
    "node_modules/ansi-escapes": {
      "version": "4.3.2",
      "license": "MIT",
      "dependencies": {
        "type-fest": "^0.21.3"
      },
      "engines": {
        "node": ">=8"
      },
      "funding": {
        "url": "https://github.com/sponsors/sindresorhus"
      }
    },
    "node_modules/ansi-regex": {
      "version": "5.0.1",
      "license": "MIT",
      "engines": {
        "node": ">=8"
      }
    },
    "node_modules/ansi-styles": {
      "version": "3.2.1",
      "license": "MIT",
      "dependencies": {
        "color-convert": "^1.9.0"
      },
      "engines": {
        "node": ">=4"
      }
    },
    "node_modules/balanced-match": {
      "version": "1.0.2",
      "license": "MIT"
    },
    "node_modules/base64-js": {
      "version": "1.5.1",
      "funding": [
        {
          "type": "github",
          "url": "https://github.com/sponsors/feross"
        },
        {
          "type": "patreon",
          "url": "https://www.patreon.com/feross"
        },
        {
          "type": "consulting",
          "url": "https://feross.org/support"
        }
      ],
      "license": "MIT"
    },
    "node_modules/bl": {
      "version": "4.1.0",
      "license": "MIT",
      "dependencies": {
        "buffer": "^5.5.0",
        "inherits": "^2.0.4",
        "readable-stream": "^3.4.0"
      }
    },
    "node_modules/boolbase": {
      "version": "1.0.0",
      "license": "ISC"
    },
    "node_modules/brace-expansion": {
      "version": "1.1.11",
      "license": "MIT",
      "dependencies": {
        "balanced-match": "^1.0.0",
        "concat-map": "0.0.1"
      }
    },
    "node_modules/buffer": {
      "version": "5.7.1",
      "funding": [
        {
          "type": "github",
          "url": "https://github.com/sponsors/feross"
        },
        {
          "type": "patreon",
          "url": "https://www.patreon.com/feross"
        },
        {
          "type": "consulting",
          "url": "https://feross.org/support"
        }
      ],
      "license": "MIT",
      "dependencies": {
        "base64-js": "^1.3.1",
        "ieee754": "^1.1.13"
      }
    },
    "node_modules/buffer-crc32": {
      "version": "0.2.13",
      "license": "MIT",
      "engines": {
        "node": "*"
      }
    },
    "node_modules/camelcase": {
      "version": "3.0.0",
      "dev": true,
      "license": "MIT",
      "engines": {
        "node": ">=0.10.0"
      }
    },
    "node_modules/chalk": {
      "version": "2.4.2",
      "license": "MIT",
      "dependencies": {
        "ansi-styles": "^3.2.1",
        "escape-string-regexp": "^1.0.5",
        "supports-color": "^5.3.0"
      },
      "engines": {
        "node": ">=4"
      }
    },
    "node_modules/chardet": {
      "version": "0.7.0",
      "license": "MIT"
    },
    "node_modules/cheerio-select": {
      "version": "1.6.0",
      "license": "BSD-2-Clause",
      "dependencies": {
        "css-select": "^4.3.0",
        "css-what": "^6.0.1",
        "domelementtype": "^2.2.0",
        "domhandler": "^4.3.1",
        "domutils": "^2.8.0"
      },
      "funding": {
        "url": "https://github.com/sponsors/fb55"
      }
    },
    "node_modules/chownr": {
      "version": "1.1.4",
      "license": "ISC"
    },
    "node_modules/cli-cursor": {
      "version": "3.1.0",
      "license": "MIT",
      "dependencies": {
        "restore-cursor": "^3.1.0"
      },
      "engines": {
        "node": ">=8"
      }
    },
    "node_modules/cli-spinners": {
      "version": "2.6.1",
      "license": "MIT",
      "engines": {
        "node": ">=6"
      },
      "funding": {
        "url": "https://github.com/sponsors/sindresorhus"
      }
    },
    "node_modules/cli-width": {
      "version": "3.0.0",
      "license": "ISC",
      "engines": {
        "node": ">= 10"
      }
    },
    "node_modules/cliui": {
      "version": "3.2.0",
      "dev": true,
      "license": "ISC",
      "dependencies": {
        "string-width": "^1.0.1",
        "strip-ansi": "^3.0.1",
        "wrap-ansi": "^2.0.0"
      }
    },
    "node_modules/cliui/node_modules/ansi-regex": {
      "version": "2.1.1",
      "dev": true,
      "license": "MIT",
      "engines": {
        "node": ">=0.10.0"
      }
    },
    "node_modules/cliui/node_modules/is-fullwidth-code-point": {
      "version": "1.0.0",
      "dev": true,
      "license": "MIT",
      "dependencies": {
        "number-is-nan": "^1.0.0"
      },
      "engines": {
        "node": ">=0.10.0"
      }
    },
    "node_modules/cliui/node_modules/string-width": {
      "version": "1.0.2",
      "dev": true,
      "license": "MIT",
      "dependencies": {
        "code-point-at": "^1.0.0",
        "is-fullwidth-code-point": "^1.0.0",
        "strip-ansi": "^3.0.0"
      },
      "engines": {
        "node": ">=0.10.0"
      }
    },
    "node_modules/cliui/node_modules/strip-ansi": {
      "version": "3.0.1",
      "dev": true,
      "license": "MIT",
      "dependencies": {
        "ansi-regex": "^2.0.0"
      },
      "engines": {
        "node": ">=0.10.0"
      }
    },
    "node_modules/cliui/node_modules/wrap-ansi": {
      "version": "2.1.0",
      "dev": true,
      "license": "MIT",
      "dependencies": {
        "string-width": "^1.0.1",
        "strip-ansi": "^3.0.1"
      },
      "engines": {
        "node": ">=0.10.0"
      }
    },
    "node_modules/clone": {
      "version": "1.0.4",
      "license": "MIT",
      "engines": {
        "node": ">=0.8"
      }
    },
    "node_modules/code-point-at": {
      "version": "1.1.0",
      "dev": true,
      "license": "MIT",
      "engines": {
        "node": ">=0.10.0"
      }
    },
    "node_modules/color-convert": {
      "version": "1.9.3",
      "license": "MIT",
      "dependencies": {
        "color-name": "1.1.3"
      }
    },
    "node_modules/color-name": {
      "version": "1.1.3",
      "license": "MIT"
    },
    "node_modules/concat-map": {
      "version": "0.0.1",
      "license": "MIT"
    },
    "node_modules/cross-fetch": {
      "version": "3.1.5",
      "license": "MIT",
      "dependencies": {
        "node-fetch": "2.6.7"
      }
    },
    "node_modules/css-select": {
      "version": "4.3.0",
      "license": "BSD-2-Clause",
      "dependencies": {
        "boolbase": "^1.0.0",
        "css-what": "^6.0.1",
        "domhandler": "^4.3.1",
        "domutils": "^2.8.0",
        "nth-check": "^2.0.1"
      },
      "funding": {
        "url": "https://github.com/sponsors/fb55"
      }
    },
    "node_modules/css-what": {
      "version": "6.1.0",
      "license": "BSD-2-Clause",
      "engines": {
        "node": ">= 6"
      },
      "funding": {
        "url": "https://github.com/sponsors/fb55"
      }
    },
    "node_modules/debug": {
      "version": "4.3.4",
      "license": "MIT",
      "dependencies": {
        "ms": "2.1.2"
      },
      "engines": {
        "node": ">=6.0"
      },
      "peerDependenciesMeta": {
        "supports-color": {
          "optional": true
        }
      }
    },
    "node_modules/decamelize": {
      "version": "1.2.0",
      "dev": true,
      "license": "MIT",
      "engines": {
        "node": ">=0.10.0"
      }
    },
    "node_modules/defaults": {
      "version": "1.0.3",
      "license": "MIT",
      "dependencies": {
        "clone": "^1.0.2"
      }
    },
    "node_modules/devtools-protocol": {
      "version": "0.0.981744",
      "license": "BSD-3-Clause"
    },
    "node_modules/dom-serializer": {
      "version": "1.4.1",
      "license": "MIT",
      "dependencies": {
        "domelementtype": "^2.0.1",
        "domhandler": "^4.2.0",
        "entities": "^2.0.0"
      },
      "funding": {
        "url": "https://github.com/cheeriojs/dom-serializer?sponsor=1"
      }
    },
    "node_modules/domelementtype": {
      "version": "2.3.0",
      "funding": [
        {
          "type": "github",
          "url": "https://github.com/sponsors/fb55"
        }
      ],
      "license": "BSD-2-Clause"
    },
    "node_modules/domhandler": {
      "version": "4.3.1",
      "license": "BSD-2-Clause",
      "dependencies": {
        "domelementtype": "^2.2.0"
      },
      "engines": {
        "node": ">= 4"
      },
      "funding": {
        "url": "https://github.com/fb55/domhandler?sponsor=1"
      }
    },
    "node_modules/domutils": {
      "version": "2.8.0",
      "license": "BSD-2-Clause",
      "dependencies": {
        "dom-serializer": "^1.0.1",
        "domelementtype": "^2.2.0",
        "domhandler": "^4.2.0"
      },
      "funding": {
        "url": "https://github.com/fb55/domutils?sponsor=1"
      }
    },
    "node_modules/emoji-regex": {
      "version": "8.0.0",
      "license": "MIT"
    },
    "node_modules/end-of-stream": {
      "version": "1.4.4",
      "license": "MIT",
      "dependencies": {
        "once": "^1.4.0"
      }
    },
    "node_modules/entities": {
      "version": "2.2.0",
      "license": "BSD-2-Clause",
      "funding": {
        "url": "https://github.com/fb55/entities?sponsor=1"
      }
    },
    "node_modules/error-ex": {
      "version": "1.3.2",
      "dev": true,
      "license": "MIT",
      "dependencies": {
        "is-arrayish": "^0.2.1"
      }
    },
    "node_modules/escape-string-regexp": {
      "version": "1.0.5",
      "license": "MIT",
      "engines": {
        "node": ">=0.8.0"
      }
    },
    "node_modules/external-editor": {
      "version": "3.1.0",
      "license": "MIT",
      "dependencies": {
        "chardet": "^0.7.0",
        "iconv-lite": "^0.4.24",
        "tmp": "^0.0.33"
      },
      "engines": {
        "node": ">=4"
      }
    },
    "node_modules/extract-zip": {
      "version": "2.0.1",
      "license": "BSD-2-Clause",
      "dependencies": {
        "debug": "^4.1.1",
        "get-stream": "^5.1.0",
        "yauzl": "^2.10.0"
      },
      "bin": {
        "extract-zip": "cli.js"
      },
      "engines": {
        "node": ">= 10.17.0"
      },
      "optionalDependencies": {
        "@types/yauzl": "^2.9.1"
      }
    },
    "node_modules/fd-slicer": {
      "version": "1.1.0",
      "license": "MIT",
      "dependencies": {
        "pend": "~1.2.0"
      }
    },
    "node_modules/figures": {
      "version": "3.2.0",
      "license": "MIT",
      "dependencies": {
        "escape-string-regexp": "^1.0.5"
      },
      "engines": {
        "node": ">=8"
      },
      "funding": {
        "url": "https://github.com/sponsors/sindresorhus"
      }
    },
    "node_modules/find-up": {
      "version": "1.1.2",
      "dev": true,
      "license": "MIT",
      "dependencies": {
        "path-exists": "^2.0.0",
        "pinkie-promise": "^2.0.0"
      },
      "engines": {
        "node": ">=0.10.0"
      }
    },
    "node_modules/fs-constants": {
      "version": "1.0.0",
      "license": "MIT"
    },
    "node_modules/fs.realpath": {
      "version": "1.0.0",
      "license": "ISC"
    },
    "node_modules/function-bind": {
      "version": "1.1.1",
      "dev": true,
      "license": "MIT"
    },
    "node_modules/get-caller-file": {
      "version": "1.0.3",
      "dev": true,
      "license": "ISC"
    },
    "node_modules/get-stream": {
      "version": "5.2.0",
      "license": "MIT",
      "dependencies": {
        "pump": "^3.0.0"
      },
      "engines": {
        "node": ">=8"
      },
      "funding": {
        "url": "https://github.com/sponsors/sindresorhus"
      }
    },
    "node_modules/glob": {
      "version": "7.2.0",
      "license": "ISC",
      "dependencies": {
        "fs.realpath": "^1.0.0",
        "inflight": "^1.0.4",
        "inherits": "2",
        "minimatch": "^3.0.4",
        "once": "^1.3.0",
        "path-is-absolute": "^1.0.0"
      },
      "engines": {
        "node": "*"
      },
      "funding": {
        "url": "https://github.com/sponsors/isaacs"
      }
    },
    "node_modules/graceful-fs": {
      "version": "4.2.10",
      "dev": true,
      "license": "ISC"
    },
    "node_modules/has": {
      "version": "1.0.3",
      "dev": true,
      "license": "MIT",
      "dependencies": {
        "function-bind": "^1.1.1"
      },
      "engines": {
        "node": ">= 0.4.0"
      }
    },
    "node_modules/has-flag": {
      "version": "3.0.0",
      "license": "MIT",
      "engines": {
        "node": ">=4"
      }
    },
    "node_modules/hosted-git-info": {
      "version": "2.8.9",
      "dev": true,
      "license": "ISC"
    },
    "node_modules/htmlparser2": {
      "version": "6.1.0",
      "funding": [
        "https://github.com/fb55/htmlparser2?sponsor=1",
        {
          "type": "github",
          "url": "https://github.com/sponsors/fb55"
        }
      ],
      "license": "MIT",
      "dependencies": {
        "domelementtype": "^2.0.1",
        "domhandler": "^4.0.0",
        "domutils": "^2.5.2",
        "entities": "^2.0.0"
      }
    },
    "node_modules/https-proxy-agent": {
      "version": "5.0.1",
      "license": "MIT",
      "dependencies": {
        "agent-base": "6",
        "debug": "4"
      },
      "engines": {
        "node": ">= 6"
      }
    },
    "node_modules/iconv-lite": {
      "version": "0.4.24",
      "license": "MIT",
      "dependencies": {
        "safer-buffer": ">= 2.1.2 < 3"
      },
      "engines": {
        "node": ">=0.10.0"
      }
    },
    "node_modules/ieee754": {
      "version": "1.2.1",
      "funding": [
        {
          "type": "github",
          "url": "https://github.com/sponsors/feross"
        },
        {
          "type": "patreon",
          "url": "https://www.patreon.com/feross"
        },
        {
          "type": "consulting",
          "url": "https://feross.org/support"
        }
      ],
      "license": "BSD-3-Clause"
    },
    "node_modules/inflight": {
      "version": "1.0.6",
      "license": "ISC",
      "dependencies": {
        "once": "^1.3.0",
        "wrappy": "1"
      }
    },
    "node_modules/inherits": {
      "version": "2.0.4",
      "license": "ISC"
    },
    "node_modules/inquirer": {
      "version": "8.2.4",
      "license": "MIT",
      "dependencies": {
        "ansi-escapes": "^4.2.1",
        "chalk": "^4.1.1",
        "cli-cursor": "^3.1.0",
        "cli-width": "^3.0.0",
        "external-editor": "^3.0.3",
        "figures": "^3.0.0",
        "lodash": "^4.17.21",
        "mute-stream": "0.0.8",
        "ora": "^5.4.1",
        "run-async": "^2.4.0",
        "rxjs": "^7.5.5",
        "string-width": "^4.1.0",
        "strip-ansi": "^6.0.0",
        "through": "^2.3.6",
        "wrap-ansi": "^7.0.0"
      },
      "engines": {
        "node": ">=12.0.0"
      }
    },
    "node_modules/inquirer/node_modules/ansi-styles": {
      "version": "4.3.0",
      "license": "MIT",
      "dependencies": {
        "color-convert": "^2.0.1"
      },
      "engines": {
        "node": ">=8"
      },
      "funding": {
        "url": "https://github.com/chalk/ansi-styles?sponsor=1"
      }
    },
    "node_modules/inquirer/node_modules/chalk": {
      "version": "4.1.2",
      "license": "MIT",
      "dependencies": {
        "ansi-styles": "^4.1.0",
        "supports-color": "^7.1.0"
      },
      "engines": {
        "node": ">=10"
      },
      "funding": {
        "url": "https://github.com/chalk/chalk?sponsor=1"
      }
    },
    "node_modules/inquirer/node_modules/color-convert": {
      "version": "2.0.1",
      "license": "MIT",
      "dependencies": {
        "color-name": "~1.1.4"
      },
      "engines": {
        "node": ">=7.0.0"
      }
    },
    "node_modules/inquirer/node_modules/color-name": {
      "version": "1.1.4",
      "license": "MIT"
    },
    "node_modules/inquirer/node_modules/has-flag": {
      "version": "4.0.0",
      "license": "MIT",
      "engines": {
        "node": ">=8"
      }
    },
    "node_modules/inquirer/node_modules/supports-color": {
      "version": "7.2.0",
      "license": "MIT",
      "dependencies": {
        "has-flag": "^4.0.0"
      },
      "engines": {
        "node": ">=8"
      }
    },
    "node_modules/invert-kv": {
      "version": "1.0.0",
      "dev": true,
      "license": "MIT",
      "engines": {
        "node": ">=0.10.0"
      }
    },
    "node_modules/is-arrayish": {
      "version": "0.2.1",
      "dev": true,
      "license": "MIT"
    },
    "node_modules/is-core-module": {
      "version": "2.9.0",
      "dev": true,
      "license": "MIT",
      "dependencies": {
        "has": "^1.0.3"
      },
      "funding": {
        "url": "https://github.com/sponsors/ljharb"
      }
    },
    "node_modules/is-fullwidth-code-point": {
      "version": "3.0.0",
      "license": "MIT",
      "engines": {
        "node": ">=8"
      }
    },
    "node_modules/is-interactive": {
      "version": "1.0.0",
      "license": "MIT",
      "engines": {
        "node": ">=8"
      }
    },
    "node_modules/is-unicode-supported": {
      "version": "0.1.0",
      "license": "MIT",
      "engines": {
        "node": ">=10"
      },
      "funding": {
        "url": "https://github.com/sponsors/sindresorhus"
      }
    },
    "node_modules/is-utf8": {
      "version": "0.2.1",
      "dev": true,
      "license": "MIT"
    },
    "node_modules/lcid": {
      "version": "1.0.0",
      "dev": true,
      "license": "MIT",
      "dependencies": {
        "invert-kv": "^1.0.0"
      },
      "engines": {
        "node": ">=0.10.0"
      }
    },
    "node_modules/load-json-file": {
      "version": "1.1.0",
      "dev": true,
      "license": "MIT",
      "dependencies": {
        "graceful-fs": "^4.1.2",
        "parse-json": "^2.2.0",
        "pify": "^2.0.0",
        "pinkie-promise": "^2.0.0",
        "strip-bom": "^2.0.0"
      },
      "engines": {
        "node": ">=0.10.0"
      }
    },
    "node_modules/locate-path": {
      "version": "5.0.0",
      "license": "MIT",
      "dependencies": {
        "p-locate": "^4.1.0"
      },
      "engines": {
        "node": ">=8"
      }
    },
    "node_modules/lodash": {
      "version": "4.17.21",
      "license": "MIT"
    },
    "node_modules/log-symbols": {
      "version": "4.1.0",
      "license": "MIT",
      "dependencies": {
        "chalk": "^4.1.0",
        "is-unicode-supported": "^0.1.0"
      },
      "engines": {
        "node": ">=10"
      },
      "funding": {
        "url": "https://github.com/sponsors/sindresorhus"
      }
    },
    "node_modules/log-symbols/node_modules/ansi-styles": {
      "version": "4.3.0",
      "license": "MIT",
      "dependencies": {
        "color-convert": "^2.0.1"
      },
      "engines": {
        "node": ">=8"
      },
      "funding": {
        "url": "https://github.com/chalk/ansi-styles?sponsor=1"
      }
    },
    "node_modules/log-symbols/node_modules/chalk": {
      "version": "4.1.2",
      "license": "MIT",
      "dependencies": {
        "ansi-styles": "^4.1.0",
        "supports-color": "^7.1.0"
      },
      "engines": {
        "node": ">=10"
      },
      "funding": {
        "url": "https://github.com/chalk/chalk?sponsor=1"
      }
    },
    "node_modules/log-symbols/node_modules/color-convert": {
      "version": "2.0.1",
      "license": "MIT",
      "dependencies": {
        "color-name": "~1.1.4"
      },
      "engines": {
        "node": ">=7.0.0"
      }
    },
    "node_modules/log-symbols/node_modules/color-name": {
      "version": "1.1.4",
      "license": "MIT"
    },
    "node_modules/log-symbols/node_modules/has-flag": {
      "version": "4.0.0",
      "license": "MIT",
      "engines": {
        "node": ">=8"
      }
    },
    "node_modules/log-symbols/node_modules/supports-color": {
      "version": "7.2.0",
      "license": "MIT",
      "dependencies": {
        "has-flag": "^4.0.0"
      },
      "engines": {
        "node": ">=8"
      }
    },
    "node_modules/mimic-fn": {
      "version": "2.1.0",
      "license": "MIT",
      "engines": {
        "node": ">=6"
      }
    },
    "node_modules/minimatch": {
      "version": "3.1.2",
      "license": "ISC",
      "dependencies": {
        "brace-expansion": "^1.1.7"
      },
      "engines": {
        "node": "*"
      }
    },
    "node_modules/mkdirp-classic": {
      "version": "0.5.3",
      "license": "MIT"
    },
    "node_modules/ms": {
      "version": "2.1.2",
      "license": "MIT"
    },
    "node_modules/mute-stream": {
      "version": "0.0.8",
      "license": "ISC"
    },
    "node_modules/node-fetch": {
      "version": "2.6.7",
      "license": "MIT",
      "dependencies": {
        "whatwg-url": "^5.0.0"
      },
      "engines": {
        "node": "4.x || >=6.0.0"
      },
      "peerDependencies": {
        "encoding": "^0.1.0"
      },
      "peerDependenciesMeta": {
        "encoding": {
          "optional": true
        }
      }
    },
    "node_modules/normalize-package-data": {
      "version": "2.5.0",
      "dev": true,
      "license": "BSD-2-Clause",
      "dependencies": {
        "hosted-git-info": "^2.1.4",
        "resolve": "^1.10.0",
        "semver": "2 || 3 || 4 || 5",
        "validate-npm-package-license": "^3.0.1"
      }
    },
    "node_modules/nth-check": {
      "version": "2.0.1",
      "license": "BSD-2-Clause",
      "dependencies": {
        "boolbase": "^1.0.0"
      },
      "funding": {
        "url": "https://github.com/fb55/nth-check?sponsor=1"
      }
    },
    "node_modules/number-is-nan": {
      "version": "1.0.1",
      "dev": true,
      "license": "MIT",
      "engines": {
        "node": ">=0.10.0"
      }
    },
    "node_modules/once": {
      "version": "1.4.0",
      "license": "ISC",
      "dependencies": {
        "wrappy": "1"
      }
    },
    "node_modules/onetime": {
      "version": "5.1.2",
      "license": "MIT",
      "dependencies": {
        "mimic-fn": "^2.1.0"
      },
      "engines": {
        "node": ">=6"
      },
      "funding": {
        "url": "https://github.com/sponsors/sindresorhus"
      }
    },
    "node_modules/ora": {
      "version": "5.4.1",
      "license": "MIT",
      "dependencies": {
        "bl": "^4.1.0",
        "chalk": "^4.1.0",
        "cli-cursor": "^3.1.0",
        "cli-spinners": "^2.5.0",
        "is-interactive": "^1.0.0",
        "is-unicode-supported": "^0.1.0",
        "log-symbols": "^4.1.0",
        "strip-ansi": "^6.0.0",
        "wcwidth": "^1.0.1"
      },
      "engines": {
        "node": ">=10"
      },
      "funding": {
        "url": "https://github.com/sponsors/sindresorhus"
      }
    },
    "node_modules/ora/node_modules/ansi-styles": {
      "version": "4.3.0",
      "license": "MIT",
      "dependencies": {
        "color-convert": "^2.0.1"
      },
      "engines": {
        "node": ">=8"
      },
      "funding": {
        "url": "https://github.com/chalk/ansi-styles?sponsor=1"
      }
    },
    "node_modules/ora/node_modules/chalk": {
      "version": "4.1.2",
      "license": "MIT",
      "dependencies": {
        "ansi-styles": "^4.1.0",
        "supports-color": "^7.1.0"
      },
      "engines": {
        "node": ">=10"
      },
      "funding": {
        "url": "https://github.com/chalk/chalk?sponsor=1"
      }
    },
    "node_modules/ora/node_modules/color-convert": {
      "version": "2.0.1",
      "license": "MIT",
      "dependencies": {
        "color-name": "~1.1.4"
      },
      "engines": {
        "node": ">=7.0.0"
      }
    },
    "node_modules/ora/node_modules/color-name": {
      "version": "1.1.4",
      "license": "MIT"
    },
    "node_modules/ora/node_modules/has-flag": {
      "version": "4.0.0",
      "license": "MIT",
      "engines": {
        "node": ">=8"
      }
    },
    "node_modules/ora/node_modules/supports-color": {
      "version": "7.2.0",
      "license": "MIT",
      "dependencies": {
        "has-flag": "^4.0.0"
      },
      "engines": {
        "node": ">=8"
      }
    },
    "node_modules/os-locale": {
      "version": "1.4.0",
      "dev": true,
      "license": "MIT",
      "dependencies": {
        "lcid": "^1.0.0"
      },
      "engines": {
        "node": ">=0.10.0"
      }
    },
    "node_modules/os-tmpdir": {
      "version": "1.0.2",
      "license": "MIT",
      "engines": {
        "node": ">=0.10.0"
      }
    },
    "node_modules/p-limit": {
      "version": "2.3.0",
      "license": "MIT",
      "dependencies": {
        "p-try": "^2.0.0"
      },
      "engines": {
        "node": ">=6"
      },
      "funding": {
        "url": "https://github.com/sponsors/sindresorhus"
      }
    },
    "node_modules/p-locate": {
      "version": "4.1.0",
      "license": "MIT",
      "dependencies": {
        "p-limit": "^2.2.0"
      },
      "engines": {
        "node": ">=8"
      }
    },
    "node_modules/p-try": {
      "version": "2.2.0",
      "license": "MIT",
      "engines": {
        "node": ">=6"
      }
    },
    "node_modules/parse-json": {
      "version": "2.2.0",
      "dev": true,
      "license": "MIT",
      "dependencies": {
        "error-ex": "^1.2.0"
      },
      "engines": {
        "node": ">=0.10.0"
      }
    },
    "node_modules/parse5": {
      "version": "6.0.1",
      "license": "MIT"
    },
    "node_modules/parse5-htmlparser2-tree-adapter": {
      "version": "6.0.1",
      "license": "MIT",
      "dependencies": {
        "parse5": "^6.0.1"
      }
    },
    "node_modules/path-exists": {
      "version": "2.1.0",
      "dev": true,
      "license": "MIT",
      "dependencies": {
        "pinkie-promise": "^2.0.0"
      },
      "engines": {
        "node": ">=0.10.0"
      }
    },
    "node_modules/path-is-absolute": {
      "version": "1.0.1",
      "license": "MIT",
      "engines": {
        "node": ">=0.10.0"
      }
    },
    "node_modules/path-parse": {
      "version": "1.0.7",
      "dev": true,
      "license": "MIT"
    },
    "node_modules/path-type": {
      "version": "1.1.0",
      "dev": true,
      "license": "MIT",
      "dependencies": {
        "graceful-fs": "^4.1.2",
        "pify": "^2.0.0",
        "pinkie-promise": "^2.0.0"
      },
      "engines": {
        "node": ">=0.10.0"
      }
    },
    "node_modules/pend": {
      "version": "1.2.0",
      "license": "MIT"
    },
    "node_modules/pify": {
      "version": "2.3.0",
      "dev": true,
      "license": "MIT",
      "engines": {
        "node": ">=0.10.0"
      }
    },
    "node_modules/pinkie": {
      "version": "2.0.4",
      "dev": true,
      "license": "MIT",
      "engines": {
        "node": ">=0.10.0"
      }
    },
    "node_modules/pinkie-promise": {
      "version": "2.0.1",
      "dev": true,
      "license": "MIT",
      "dependencies": {
        "pinkie": "^2.0.0"
      },
      "engines": {
        "node": ">=0.10.0"
      }
    },
    "node_modules/pkg-dir": {
      "version": "4.2.0",
      "license": "MIT",
      "dependencies": {
        "find-up": "^4.0.0"
      },
      "engines": {
        "node": ">=8"
      }
    },
    "node_modules/pkg-dir/node_modules/find-up": {
      "version": "4.1.0",
      "license": "MIT",
      "dependencies": {
        "locate-path": "^5.0.0",
        "path-exists": "^4.0.0"
      },
      "engines": {
        "node": ">=8"
      }
    },
    "node_modules/pkg-dir/node_modules/path-exists": {
      "version": "4.0.0",
      "license": "MIT",
      "engines": {
        "node": ">=8"
      }
    },
    "node_modules/progress": {
      "version": "2.0.3",
      "license": "MIT",
      "engines": {
        "node": ">=0.4.0"
      }
    },
    "node_modules/proxy-from-env": {
      "version": "1.1.0",
      "license": "MIT"
    },
    "node_modules/pump": {
      "version": "3.0.0",
      "license": "MIT",
      "dependencies": {
        "end-of-stream": "^1.1.0",
        "once": "^1.3.1"
      }
    },
    "node_modules/puppeteer": {
      "version": "13.7.0",
      "hasInstallScript": true,
      "license": "Apache-2.0",
      "dependencies": {
        "cross-fetch": "3.1.5",
        "debug": "4.3.4",
        "devtools-protocol": "0.0.981744",
        "extract-zip": "2.0.1",
        "https-proxy-agent": "5.0.1",
        "pkg-dir": "4.2.0",
        "progress": "2.0.3",
        "proxy-from-env": "1.1.0",
        "rimraf": "3.0.2",
        "tar-fs": "2.1.1",
        "unbzip2-stream": "1.4.3",
        "ws": "8.5.0"
      },
      "engines": {
        "node": ">=10.18.1"
      }
    },
    "node_modules/read-pkg": {
      "version": "1.1.0",
      "dev": true,
      "license": "MIT",
      "dependencies": {
        "load-json-file": "^1.0.0",
        "normalize-package-data": "^2.3.2",
        "path-type": "^1.0.0"
      },
      "engines": {
        "node": ">=0.10.0"
      }
    },
    "node_modules/read-pkg-up": {
      "version": "1.0.1",
      "dev": true,
      "license": "MIT",
      "dependencies": {
        "find-up": "^1.0.0",
        "read-pkg": "^1.0.0"
      },
      "engines": {
        "node": ">=0.10.0"
      }
    },
    "node_modules/readable-stream": {
      "version": "3.6.0",
      "license": "MIT",
      "dependencies": {
        "inherits": "^2.0.3",
        "string_decoder": "^1.1.1",
        "util-deprecate": "^1.0.1"
      },
      "engines": {
        "node": ">= 6"
      }
    },
    "node_modules/readline": {
      "version": "1.3.0",
      "license": "BSD"
    },
    "node_modules/require-directory": {
      "version": "2.1.1",
      "dev": true,
      "license": "MIT",
      "engines": {
        "node": ">=0.10.0"
      }
    },
    "node_modules/require-main-filename": {
      "version": "1.0.1",
      "dev": true,
      "license": "ISC"
    },
    "node_modules/resolve": {
      "version": "1.22.0",
      "dev": true,
      "license": "MIT",
      "dependencies": {
        "is-core-module": "^2.8.1",
        "path-parse": "^1.0.7",
        "supports-preserve-symlinks-flag": "^1.0.0"
      },
      "bin": {
        "resolve": "bin/resolve"
      },
      "funding": {
        "url": "https://github.com/sponsors/ljharb"
      }
    },
    "node_modules/restore-cursor": {
      "version": "3.1.0",
      "license": "MIT",
      "dependencies": {
        "onetime": "^5.1.0",
        "signal-exit": "^3.0.2"
      },
      "engines": {
        "node": ">=8"
      }
    },
    "node_modules/rimraf": {
      "version": "3.0.2",
      "license": "ISC",
      "dependencies": {
        "glob": "^7.1.3"
      },
      "bin": {
        "rimraf": "bin.js"
      },
      "funding": {
        "url": "https://github.com/sponsors/isaacs"
      }
    },
    "node_modules/run-async": {
      "version": "2.4.1",
      "license": "MIT",
      "engines": {
        "node": ">=0.12.0"
      }
    },
    "node_modules/rxjs": {
      "version": "7.5.5",
      "license": "Apache-2.0",
      "dependencies": {
        "tslib": "^2.1.0"
      }
    },
    "node_modules/safe-buffer": {
      "version": "5.2.1",
      "funding": [
        {
          "type": "github",
          "url": "https://github.com/sponsors/feross"
        },
        {
          "type": "patreon",
          "url": "https://www.patreon.com/feross"
        },
        {
          "type": "consulting",
          "url": "https://feross.org/support"
        }
      ],
      "license": "MIT"
    },
    "node_modules/safer-buffer": {
      "version": "2.1.2",
      "license": "MIT"
    },
    "node_modules/semver": {
      "version": "5.7.1",
      "dev": true,
      "license": "ISC",
      "bin": {
        "semver": "bin/semver"
      }
    },
    "node_modules/set-blocking": {
      "version": "2.0.0",
      "dev": true,
      "license": "ISC"
    },
    "node_modules/signal-exit": {
      "version": "3.0.7",
      "license": "ISC"
    },
    "node_modules/spdx-correct": {
      "version": "3.1.1",
      "dev": true,
      "license": "Apache-2.0",
      "dependencies": {
        "spdx-expression-parse": "^3.0.0",
        "spdx-license-ids": "^3.0.0"
      }
    },
    "node_modules/spdx-exceptions": {
      "version": "2.3.0",
      "dev": true,
      "license": "CC-BY-3.0"
    },
    "node_modules/spdx-expression-parse": {
      "version": "3.0.1",
      "dev": true,
      "license": "MIT",
      "dependencies": {
        "spdx-exceptions": "^2.1.0",
        "spdx-license-ids": "^3.0.0"
      }
    },
    "node_modules/spdx-license-ids": {
      "version": "3.0.11",
      "dev": true,
      "license": "CC0-1.0"
    },
    "node_modules/string_decoder": {
      "version": "1.3.0",
      "license": "MIT",
      "dependencies": {
        "safe-buffer": "~5.2.0"
      }
    },
    "node_modules/string-width": {
      "version": "4.2.3",
      "license": "MIT",
      "dependencies": {
        "emoji-regex": "^8.0.0",
        "is-fullwidth-code-point": "^3.0.0",
        "strip-ansi": "^6.0.1"
      },
      "engines": {
        "node": ">=8"
      }
    },
    "node_modules/strip-ansi": {
      "version": "6.0.1",
      "license": "MIT",
      "dependencies": {
        "ansi-regex": "^5.0.1"
      },
      "engines": {
        "node": ">=8"
      }
    },
    "node_modules/strip-bom": {
      "version": "2.0.0",
      "dev": true,
      "license": "MIT",
      "dependencies": {
        "is-utf8": "^0.2.0"
      },
      "engines": {
        "node": ">=0.10.0"
      }
    },
    "node_modules/supports-color": {
      "version": "5.5.0",
      "license": "MIT",
      "dependencies": {
        "has-flag": "^3.0.0"
      },
      "engines": {
        "node": ">=4"
      }
    },
    "node_modules/supports-preserve-symlinks-flag": {
      "version": "1.0.0",
      "dev": true,
      "license": "MIT",
      "engines": {
        "node": ">= 0.4"
      },
      "funding": {
        "url": "https://github.com/sponsors/ljharb"
      }
    },
    "node_modules/tar-fs": {
      "version": "2.1.1",
      "license": "MIT",
      "dependencies": {
        "chownr": "^1.1.1",
        "mkdirp-classic": "^0.5.2",
        "pump": "^3.0.0",
        "tar-stream": "^2.1.4"
      }
    },
    "node_modules/tar-stream": {
      "version": "2.2.0",
      "license": "MIT",
      "dependencies": {
        "bl": "^4.0.3",
        "end-of-stream": "^1.4.1",
        "fs-constants": "^1.0.0",
        "inherits": "^2.0.3",
        "readable-stream": "^3.1.1"
      },
      "engines": {
        "node": ">=6"
      }
    },
    "node_modules/through": {
      "version": "2.3.8",
      "license": "MIT"
    },
    "node_modules/tmp": {
      "version": "0.0.33",
      "license": "MIT",
      "dependencies": {
        "os-tmpdir": "~1.0.2"
      },
      "engines": {
        "node": ">=0.6.0"
      }
    },
    "node_modules/tr46": {
      "version": "0.0.3",
      "license": "MIT"
    },
    "node_modules/tslib": {
      "version": "2.4.0",
      "license": "0BSD"
    },
    "node_modules/type-fest": {
      "version": "0.21.3",
      "license": "(MIT OR CC0-1.0)",
      "engines": {
        "node": ">=10"
      },
      "funding": {
        "url": "https://github.com/sponsors/sindresorhus"
      }
    },
    "node_modules/unbzip2-stream": {
      "version": "1.4.3",
      "license": "MIT",
      "dependencies": {
        "buffer": "^5.2.1",
        "through": "^2.3.8"
      }
    },
    "node_modules/util-deprecate": {
      "version": "1.0.2",
      "license": "MIT"
    },
    "node_modules/validate-npm-package-license": {
      "version": "3.0.4",
      "dev": true,
      "license": "Apache-2.0",
      "dependencies": {
        "spdx-correct": "^3.0.0",
        "spdx-expression-parse": "^3.0.0"
      }
    },
    "node_modules/wcwidth": {
      "version": "1.0.1",
      "license": "MIT",
      "dependencies": {
        "defaults": "^1.0.3"
      }
    },
    "node_modules/weallcontribute": {
      "version": "1.0.9",
      "dev": true,
      "license": "CC0-1.0",
      "dependencies": {
        "hosted-git-info": "^2.2.0",
        "yargs": "^6.6.0"
      },
      "bin": {
        "weallcontribute": "index.js"
      }
    },
    "node_modules/webidl-conversions": {
      "version": "3.0.1",
      "license": "BSD-2-Clause"
    },
    "node_modules/whatwg-url": {
      "version": "5.0.0",
      "license": "MIT",
      "dependencies": {
        "tr46": "~0.0.3",
        "webidl-conversions": "^3.0.0"
      }
    },
    "node_modules/which-module": {
      "version": "1.0.0",
      "dev": true,
      "license": "ISC"
    },
    "node_modules/wrap-ansi": {
      "version": "7.0.0",
      "license": "MIT",
      "dependencies": {
        "ansi-styles": "^4.0.0",
        "string-width": "^4.1.0",
        "strip-ansi": "^6.0.0"
      },
      "engines": {
        "node": ">=10"
      },
      "funding": {
        "url": "https://github.com/chalk/wrap-ansi?sponsor=1"
      }
    },
    "node_modules/wrap-ansi/node_modules/ansi-styles": {
      "version": "4.3.0",
      "license": "MIT",
      "dependencies": {
        "color-convert": "^2.0.1"
      },
      "engines": {
        "node": ">=8"
      },
      "funding": {
        "url": "https://github.com/chalk/ansi-styles?sponsor=1"
      }
    },
    "node_modules/wrap-ansi/node_modules/color-convert": {
      "version": "2.0.1",
      "license": "MIT",
      "dependencies": {
        "color-name": "~1.1.4"
      },
      "engines": {
        "node": ">=7.0.0"
      }
    },
    "node_modules/wrap-ansi/node_modules/color-name": {
      "version": "1.1.4",
      "license": "MIT"
    },
    "node_modules/wrappy": {
      "version": "1.0.2",
      "license": "ISC"
    },
    "node_modules/ws": {
      "version": "8.5.0",
      "license": "MIT",
      "engines": {
        "node": ">=10.0.0"
      },
      "peerDependencies": {
        "bufferutil": "^4.0.1",
        "utf-8-validate": "^5.0.2"
      },
      "peerDependenciesMeta": {
        "bufferutil": {
          "optional": true
        },
        "utf-8-validate": {
          "optional": true
        }
      }
    },
    "node_modules/y18n": {
      "version": "3.2.2",
      "dev": true,
      "license": "ISC"
    },
    "node_modules/yargs": {
      "version": "6.6.0",
      "dev": true,
      "license": "MIT",
      "dependencies": {
        "camelcase": "^3.0.0",
        "cliui": "^3.2.0",
        "decamelize": "^1.1.1",
        "get-caller-file": "^1.0.1",
        "os-locale": "^1.4.0",
        "read-pkg-up": "^1.0.1",
        "require-directory": "^2.1.1",
        "require-main-filename": "^1.0.1",
        "set-blocking": "^2.0.0",
        "string-width": "^1.0.2",
        "which-module": "^1.0.0",
        "y18n": "^3.2.1",
        "yargs-parser": "^4.2.0"
      }
    },
    "node_modules/yargs-parser": {
      "version": "4.2.1",
      "dev": true,
      "license": "ISC",
      "dependencies": {
        "camelcase": "^3.0.0"
      }
    },
    "node_modules/yargs/node_modules/ansi-regex": {
      "version": "2.1.1",
      "dev": true,
      "license": "MIT",
      "engines": {
        "node": ">=0.10.0"
      }
    },
    "node_modules/yargs/node_modules/is-fullwidth-code-point": {
      "version": "1.0.0",
      "dev": true,
      "license": "MIT",
      "dependencies": {
        "number-is-nan": "^1.0.0"
      },
      "engines": {
        "node": ">=0.10.0"
      }
    },
    "node_modules/yargs/node_modules/string-width": {
      "version": "1.0.2",
      "dev": true,
      "license": "MIT",
      "dependencies": {
        "code-point-at": "^1.0.0",
        "is-fullwidth-code-point": "^1.0.0",
        "strip-ansi": "^3.0.0"
      },
      "engines": {
        "node": ">=0.10.0"
      }
    },
    "node_modules/yargs/node_modules/strip-ansi": {
      "version": "3.0.1",
      "dev": true,
      "license": "MIT",
      "dependencies": {
        "ansi-regex": "^2.0.0"
      },
      "engines": {
        "node": ">=0.10.0"
      }
    },
    "node_modules/yauzl": {
      "version": "2.10.0",
      "license": "MIT",
      "dependencies": {
        "buffer-crc32": "~0.2.3",
        "fd-slicer": "~1.1.0"
      }
    }
  }
}
